
Microsoft Visual Studio Solution File, Format Version 12.00
# Visual Studio Version 17
VisualStudioVersion = 17.9.34728.123
MinimumVisualStudioVersion = 10.0.40219.1
Project("{FAE04EC0-301F-11D3-BF4B-00C04F79EFBC}") = "MultiShopProject", "MultiShopProject.csproj", "{064CC6E8-4871-45D5-8348-13F4A809E8D7}"
EndProject
Global
	GlobalSection(SolutionConfigurationPlatforms) = preSolution
		Debug|Any CPU = Debug|Any CPU
		Release|Any CPU = Release|Any CPU
	EndGlobalSection
	GlobalSection(ProjectConfigurationPlatforms) = postSolution
		{064CC6E8-4871-45D5-8348-13F4A809E8D7}.Debug|Any CPU.ActiveCfg = Debug|Any CPU
		{064CC6E8-4871-45D5-8348-13F4A809E8D7}.Debug|Any CPU.Build.0 = Debug|Any CPU
		{064CC6E8-4871-45D5-8348-13F4A809E8D7}.Release|Any CPU.ActiveCfg = Release|Any CPU
		{064CC6E8-4871-45D5-8348-13F4A809E8D7}.Release|Any CPU.Build.0 = Release|Any CPU
	EndGlobalSection
	GlobalSection(SolutionProperties) = preSolution
		HideSolutionNode = FALSE
	EndGlobalSection
	GlobalSection(ExtensibilityGlobals) = postSolution
		SolutionGuid = {929ADF18-6778-47C6-BBEA-B9437F1AF49A}
	EndGlobalSection
EndGlobal
